
Microsoft Visual Studio Solution File, Format Version 12.00
# Visual Studio Version 16
VisualStudioVersion = 16.0.30330.147
MinimumVisualStudioVersion = 10.0.40219.1
Project("{FAE04EC0-301F-11D3-BF4B-00C04F79EFBC}") = "DASPM", "DASPM\DASPM.csproj", "{36C3A31A-1AF7-424A-9E05-5F60F07A5F4D}"
EndProject
Project("{FAE04EC0-301F-11D3-BF4B-00C04F79EFBC}") = "DASPM_PCTEL", "DASPM_PCTEL\DASPM_PCTEL.csproj", "{F29F7CB9-F934-44FE-8081-E8A161ACE2A7}"
EndProject
Project("{FAE04EC0-301F-11D3-BF4B-00C04F79EFBC}") = "DASPMTests", "DASPMTests\DASPMTests.csproj", "{6CD03465-0477-4985-A24B-26B4A2120E2A}"
EndProject
Project("{FAE04EC0-301F-11D3-BF4B-00C04F79EFBC}") = "DASPM_PCTELTests", "DASPM_PCTELTests\DASPM_PCTELTests.csproj", "{4AAC0A83-6144-486D-AB41-5746D70963D6}"
EndProject
Project("{FAE04EC0-301F-11D3-BF4B-00C04F79EFBC}") = "DASPMApp", "DASPMApp\DASPMApp.csproj", "{548D4C80-1C07-422A-8E7F-C6E61A10E9E9}"
EndProject
Global
	GlobalSection(SolutionConfigurationPlatforms) = preSolution
		Debug|Any CPU = Debug|Any CPU
		Release|Any CPU = Release|Any CPU
	EndGlobalSection
	GlobalSection(ProjectConfigurationPlatforms) = postSolution
		{36C3A31A-1AF7-424A-9E05-5F60F07A5F4D}.Debug|Any CPU.ActiveCfg = Debug|Any CPU
		{36C3A31A-1AF7-424A-9E05-5F60F07A5F4D}.Debug|Any CPU.Build.0 = Debug|Any CPU
		{36C3A31A-1AF7-424A-9E05-5F60F07A5F4D}.Release|Any CPU.ActiveCfg = Release|Any CPU
		{36C3A31A-1AF7-424A-9E05-5F60F07A5F4D}.Release|Any CPU.Build.0 = Release|Any CPU
		{F29F7CB9-F934-44FE-8081-E8A161ACE2A7}.Debug|Any CPU.ActiveCfg = Debug|Any CPU
		{F29F7CB9-F934-44FE-8081-E8A161ACE2A7}.Debug|Any CPU.Build.0 = Debug|Any CPU
		{F29F7CB9-F934-44FE-8081-E8A161ACE2A7}.Release|Any CPU.ActiveCfg = Release|Any CPU
		{F29F7CB9-F934-44FE-8081-E8A161ACE2A7}.Release|Any CPU.Build.0 = Release|Any CPU
		{6CD03465-0477-4985-A24B-26B4A2120E2A}.Debug|Any CPU.ActiveCfg = Debug|Any CPU
		{6CD03465-0477-4985-A24B-26B4A2120E2A}.Debug|Any CPU.Build.0 = Debug|Any CPU
		{6CD03465-0477-4985-A24B-26B4A2120E2A}.Release|Any CPU.ActiveCfg = Release|Any CPU
		{6CD03465-0477-4985-A24B-26B4A2120E2A}.Release|Any CPU.Build.0 = Release|Any CPU
		{4AAC0A83-6144-486D-AB41-5746D70963D6}.Debug|Any CPU.ActiveCfg = Debug|Any CPU
		{4AAC0A83-6144-486D-AB41-5746D70963D6}.Debug|Any CPU.Build.0 = Debug|Any CPU
		{4AAC0A83-6144-486D-AB41-5746D70963D6}.Release|Any CPU.ActiveCfg = Release|Any CPU
		{4AAC0A83-6144-486D-AB41-5746D70963D6}.Release|Any CPU.Build.0 = Release|Any CPU
		{548D4C80-1C07-422A-8E7F-C6E61A10E9E9}.Debug|Any CPU.ActiveCfg = Debug|Any CPU
		{548D4C80-1C07-422A-8E7F-C6E61A10E9E9}.Debug|Any CPU.Build.0 = Debug|Any CPU
		{548D4C80-1C07-422A-8E7F-C6E61A10E9E9}.Release|Any CPU.ActiveCfg = Release|Any CPU
		{548D4C80-1C07-422A-8E7F-C6E61A10E9E9}.Release|Any CPU.Build.0 = Release|Any CPU
	EndGlobalSection
	GlobalSection(SolutionProperties) = preSolution
		HideSolutionNode = FALSE
	EndGlobalSection
	GlobalSection(ExtensibilityGlobals) = postSolution
		SolutionGuid = {9FD0D5CE-5F6F-4C4C-9278-AA534A8C1CC8}
	EndGlobalSection
EndGlobal
